// !$*UTF8*$!
{
	archiveVersion = 1;
	classes = {
	};
	objectVersion = 56;
	objects = {

/* Begin PBXBuildFile section */
		3A04B86F295B415300E3EE90 /* homeApp.swift in Sources */ = {isa = PBXBuildFile; fileRef = 3A04B86E295B415300E3EE90 /* homeApp.swift */; };
		3A04B871295B415300E3EE90 /* ContentView.swift in Sources */ = {isa = PBXBuildFile; fileRef = 3A04B870295B415300E3EE90 /* ContentView.swift */; };
		3A04B873295B415900E3EE90 /* Assets.xcassets in Resources */ = {isa = PBXBuildFile; fileRef = 3A04B872295B415900E3EE90 /* Assets.xcassets */; };
		3A04B876295B415900E3EE90 /* Preview Assets.xcassets in Resources */ = {isa = PBXBuildFile; fileRef = 3A04B875295B415900E3EE90 /* Preview Assets.xcassets */; };
		3A04B880295B415A00E3EE90 /* homeTests.swift in Sources */ = {isa = PBXBuildFile; fileRef = 3A04B87F295B415A00E3EE90 /* homeTests.swift */; };
		3A04B88A295B415A00E3EE90 /* homeUITests.swift in Sources */ = {isa = PBXBuildFile; fileRef = 3A04B889295B415A00E3EE90 /* homeUITests.swift */; };
		3A04B88C295B415A00E3EE90 /* homeUITestsLaunchTests.swift in Sources */ = {isa = PBXBuildFile; fileRef = 3A04B88B295B415A00E3EE90 /* homeUITestsLaunchTests.swift */; };
/* End PBXBuildFile section */

/* Begin PBXContainerItemProxy section */
		3A04B87C295B415A00E3EE90 /* PBXContainerItemProxy */ = {
			isa = PBXContainerItemProxy;
			containerPortal = 3A04B863295B415300E3EE90 /* Project object */;
			proxyType = 1;
			remoteGlobalIDString = 3A04B86A295B415300E3EE90;
			remoteInfo = home;
		};
		3A04B886295B415A00E3EE90 /* PBXContainerItemProxy */ = {
			isa = PBXContainerItemProxy;
			containerPortal = 3A04B863295B415300E3EE90 /* Project object */;
			proxyType = 1;
			remoteGlobalIDString = 3A04B86A295B415300E3EE90;
			remoteInfo = home;
		};
/* End PBXContainerItemProxy section */

/* Begin PBXFileReference section */
		3A04B86B295B415300E3EE90 /* home.app */ = {isa = PBXFileReference; explicitFileType = wrapper.application; includeInIndex = 0; path = home.app; sourceTree = BUILT_PRODUCTS_DIR; };
		3A04B86E295B415300E3EE90 /* homeApp.swift */ = {isa = PBXFileReference; lastKnownFileType = sourcecode.swift; path = homeApp.swift; sourceTree = "<group>"; };
		3A04B870295B415300E3EE90 /* ContentView.swift */ = {isa = PBXFileReference; lastKnownFileType = sourcecode.swift; path = ContentView.swift; sourceTree = "<group>"; };
		3A04B872295B415900E3EE90 /* Assets.xcassets */ = {isa = PBXFileReference; lastKnownFileType = folder.assetcatalog; path = Assets.xcassets; sourceTree = "<group>"; };
		3A04B875295B415900E3EE90 /* Preview Assets.xcassets */ = {isa = PBXFileReference; lastKnownFileType = folder.assetcatalog; path = "Preview Assets.xcassets"; sourceTree = "<group>"; };
		3A04B87B295B415A00E3EE90 /* homeTests.xctest */ = {isa = PBXFileReference; explicitFileType = wrapper.cfbundle; includeInIndex = 0; path = homeTests.xctest; sourceTree = BUILT_PRODUCTS_DIR; };
		3A04B87F295B415A00E3EE90 /* homeTests.swift */ = {isa = PBXFileReference; lastKnownFileType = sourcecode.swift; path = homeTests.swift; sourceTree = "<group>"; };
		3A04B885295B415A00E3EE90 /* homeUITests.xctest */ = {isa = PBXFileReference; explicitFileType = wrapper.cfbundle; includeInIndex = 0; path = homeUITests.xctest; sourceTree = BUILT_PRODUCTS_DIR; };
		3A04B889295B415A00E3EE90 /* homeUITests.swift */ = {isa = PBXFileReference; lastKnownFileType = sourcecode.swift; path = homeUITests.swift; sourceTree = "<group>"; };
		3A04B88B295B415A00E3EE90 /* homeUITestsLaunchTests.swift */ = {isa = PBXFileReference; lastKnownFileType = sourcecode.swift; path = homeUITestsLaunchTests.swift; sourceTree = "<group>"; };
/* End PBXFileReference section */

/* Begin PBXFrameworksBuildPhase section */
		3A04B868295B415300E3EE90 /* Frameworks */ = {
			isa = PBXFrameworksBuildPhase;
			buildActionMask = 2147483647;
			files = (
			);
			runOnlyForDeploymentPostprocessing = 0;
		};
		3A04B878295B415A00E3EE90 /* Frameworks */ = {
			isa = PBXFrameworksBuildPhase;
			buildActionMask = 2147483647;
			files = (
			);
			runOnlyForDeploymentPostprocessing = 0;
		};
		3A04B882295B415A00E3EE90 /* Frameworks */ = {
			isa = PBXFrameworksBuildPhase;
			buildActionMask = 2147483647;
			files = (
			);
			runOnlyForDeploymentPostprocessing = 0;
		};
/* End PBXFrameworksBuildPhase section */

/* Begin PBXGroup section */
		3A04B862295B415300E3EE90 = {
			isa = PBXGroup;
			children = (
				3A04B86D295B415300E3EE90 /* home */,
				3A04B87E295B415A00E3EE90 /* homeTests */,
				3A04B888295B415A00E3EE90 /* homeUITests */,
				3A04B86C295B415300E3EE90 /* Products */,
			);
			sourceTree = "<group>";
		};
		3A04B86C295B415300E3EE90 /* Products */ = {
			isa = PBXGroup;
			children = (
				3A04B86B295B415300E3EE90 /* home.app */,
				3A04B87B295B415A00E3EE90 /* homeTests.xctest */,
				3A04B885295B415A00E3EE90 /* homeUITests.xctest */,
			);
			name = Products;
			sourceTree = "<group>";
		};
		3A04B86D295B415300E3EE90 /* home */ = {
			isa = PBXGroup;
			children = (
				3A04B86E295B415300E3EE90 /* homeApp.swift */,
				3A04B870295B415300E3EE90 /* ContentView.swift */,
				3A04B872295B415900E3EE90 /* Assets.xcassets */,
				3A04B874295B415900E3EE90 /* Preview Content */,
			);
			path = home;
			sourceTree = "<group>";
		};
		3A04B874295B415900E3EE90 /* Preview Content */ = {
			isa = PBXGroup;
			children = (
				3A04B875295B415900E3EE90 /* Preview Assets.xcassets */,
			);
			path = "Preview Content";
			sourceTree = "<group>";
		};
		3A04B87E295B415A00E3EE90 /* homeTests */ = {
			isa = PBXGroup;
			children = (
				3A04B87F295B415A00E3EE90 /* homeTests.swift */,
			);
			path = homeTests;
			sourceTree = "<group>";
		};
		3A04B888295B415A00E3EE90 /* homeUITests */ = {
			isa = PBXGroup;
			children = (
				3A04B889295B415A00E3EE90 /* homeUITests.swift */,
				3A04B88B295B415A00E3EE90 /* homeUITestsLaunchTests.swift */,
			);
			path = homeUITests;
			sourceTree = "<group>";
		};
/* End PBXGroup section */

/* Begin PBXNativeTarget section */
		3A04B86A295B415300E3EE90 /* home */ = {
			isa = PBXNativeTarget;
			buildConfigurationList = 3A04B88F295B415A00E3EE90 /* Build configuration list for PBXNativeTarget "home" */;
			buildPhases = (
				3A04B867295B415300E3EE90 /* Sources */,
				3A04B868295B415300E3EE90 /* Frameworks */,
				3A04B869295B415300E3EE90 /* Resources */,
			);
			buildRules = (
			);
			dependencies = (
			);
			name = home;
			productName = home;
			productReference = 3A04B86B295B415300E3EE90 /* home.app */;
			productType = "com.apple.product-type.application";
		};
		3A04B87A295B415A00E3EE90 /* homeTests */ = {
			isa = PBXNativeTarget;
			buildConfigurationList = 3A04B892295B415A00E3EE90 /* Build configuration list for PBXNativeTarget "homeTests" */;
			buildPhases = (
				3A04B877295B415A00E3EE90 /* Sources */,
				3A04B878295B415A00E3EE90 /* Frameworks */,
				3A04B879295B415A00E3EE90 /* Resources */,
			);
			buildRules = (
			);
			dependencies = (
				3A04B87D295B415A00E3EE90 /* PBXTargetDependency */,
			);
			name = homeTests;
			productName = homeTests;
			productReference = 3A04B87B295B415A00E3EE90 /* homeTests.xctest */;
			productType = "com.apple.product-type.bundle.unit-test";
		};
		3A04B884295B415A00E3EE90 /* homeUITests */ = {
			isa = PBXNativeTarget;
			buildConfigurationList = 3A04B895295B415A00E3EE90 /* Build configuration list for PBXNativeTarget "homeUITests" */;
			buildPhases = (
				3A04B881295B415A00E3EE90 /* Sources */,
				3A04B882295B415A00E3EE90 /* Frameworks */,
				3A04B883295B415A00E3EE90 /* Resources */,
			);
			buildRules = (
			);
			dependencies = (
				3A04B887295B415A00E3EE90 /* PBXTargetDependency */,
			);
			name = homeUITests;
			productName = homeUITests;
			productReference = 3A04B885295B415A00E3EE90 /* homeUITests.xctest */;
			productType = "com.apple.product-type.bundle.ui-testing";
		};
/* End PBXNativeTarget section */

/* Begin PBXProject section */
		3A04B863295B415300E3EE90 /* Project object */ = {
			isa = PBXProject;
			attributes = {
				BuildIndependentTargetsInParallel = 1;
				LastSwiftUpdateCheck = 1420;
				LastUpgradeCheck = 1420;
				TargetAttributes = {
					3A04B86A295B415300E3EE90 = {
						CreatedOnToolsVersion = 14.2;
					};
					3A04B87A295B415A00E3EE90 = {
						CreatedOnToolsVersion = 14.2;
						TestTargetID = 3A04B86A295B415300E3EE90;
					};
					3A04B884295B415A00E3EE90 = {
						CreatedOnToolsVersion = 14.2;
						TestTargetID = 3A04B86A295B415300E3EE90;
					};
				};
			};
			buildConfigurationList = 3A04B866295B415300E3EE90 /* Build configuration list for PBXProject "home" */;
			compatibilityVersion = "Xcode 14.0";
			developmentRegion = en;
			hasScannedForEncodings = 0;
			knownRegions = (
				en,
				Base,
			);
			mainGroup = 3A04B862295B415300E3EE90;
			productRefGroup = 3A04B86C295B415300E3EE90 /* Products */;
			projectDirPath = "";
			projectRoot = "";
			targets = (
				3A04B86A295B415300E3EE90 /* home */,
				3A04B87A295B415A00E3EE90 /* homeTests */,
				3A04B884295B415A00E3EE90 /* homeUITests */,
			);
		};
/* End PBXProject section */

/* Begin PBXResourcesBuildPhase section */
		3A04B869295B415300E3EE90 /* Resources */ = {
			isa = PBXResourcesBuildPhase;
			buildActionMask = 2147483647;
			files = (
				3A04B876295B415900E3EE90 /* Preview Assets.xcassets in Resources */,
				3A04B873295B415900E3EE90 /* Assets.xcassets in Resources */,
			);
			runOnlyForDeploymentPostprocessing = 0;
		};
		3A04B879295B415A00E3EE90 /* Resources */ = {
			isa = PBXResourcesBuildPhase;
			buildActionMask = 2147483647;
			files = (
			);
			runOnlyForDeploymentPostprocessing = 0;
		};
		3A04B883295B415A00E3EE90 /* Resources */ = {
			isa = PBXResourcesBuildPhase;
			buildActionMask = 2147483647;
			files = (
			);
			runOnlyForDeploymentPostprocessing = 0;
		};
/* End PBXResourcesBuildPhase section */

/* Begin PBXSourcesBuildPhase section */
		3A04B867295B415300E3EE90 /* Sources */ = {
			isa = PBXSourcesBuildPhase;
			buildActionMask = 2147483647;
			files = (
				3A04B871295B415300E3EE90 /* ContentView.swift in Sources */,
				3A04B86F295B415300E3EE90 /* homeApp.swift in Sources */,
			);
			runOnlyForDeploymentPostprocessing = 0;
		};
		3A04B877295B415A00E3EE90 /* Sources */ = {
			isa = PBXSourcesBuildPhase;
			buildActionMask = 2147483647;
			files = (
				3A04B880295B415A00E3EE90 /* homeTests.swift in Sources */,
			);
			runOnlyForDeploymentPostprocessing = 0;
		};
		3A04B881295B415A00E3EE90 /* Sources */ = {
			isa = PBXSourcesBuildPhase;
			buildActionMask = 2147483647;
			files = (
				3A04B88A295B415A00E3EE90 /* homeUITests.swift in Sources */,
				3A04B88C295B415A00E3EE90 /* homeUITestsLaunchTests.swift in Sources */,
			);
			runOnlyForDeploymentPostprocessing = 0;
		};
/* End PBXSourcesBuildPhase section */

/* Begin PBXTargetDependency section */
		3A04B87D295B415A00E3EE90 /* PBXTargetDependency */ = {
			isa = PBXTargetDependency;
			target = 3A04B86A295B415300E3EE90 /* home */;
			targetProxy = 3A04B87C295B415A00E3EE90 /* PBXContainerItemProxy */;
		};
		3A04B887295B415A00E3EE90 /* PBXTargetDependency */ = {
			isa = PBXTargetDependency;
			target = 3A04B86A295B415300E3EE90 /* home */;
			targetProxy = 3A04B886295B415A00E3EE90 /* PBXContainerItemProxy */;
		};
/* End PBXTargetDependency section */

/* Begin XCBuildConfiguration section */
		3A04B88D295B415A00E3EE90 /* Debug */ = {
			isa = XCBuildConfiguration;
			buildSettings = {
				ALWAYS_SEARCH_USER_PATHS = NO;
				CLANG_ANALYZER_NONNULL = YES;
				CLANG_ANALYZER_NUMBER_OBJECT_CONVERSION = YES_AGGRESSIVE;
				CLANG_CXX_LANGUAGE_STANDARD = "gnu++20";
				CLANG_ENABLE_MODULES = YES;
				CLANG_ENABLE_OBJC_ARC = YES;
				CLANG_ENABLE_OBJC_WEAK = YES;
				CLANG_WARN_BLOCK_CAPTURE_AUTORELEASING = YES;
				CLANG_WARN_BOOL_CONVERSION = YES;
				CLANG_WARN_COMMA = YES;
				CLANG_WARN_CONSTANT_CONVERSION = YES;
				CLANG_WARN_DEPRECATED_OBJC_IMPLEMENTATIONS = YES;
				CLANG_WARN_DIRECT_OBJC_ISA_USAGE = YES_ERROR;
				CLANG_WARN_DOCUMENTATION_COMMENTS = YES;
				CLANG_WARN_EMPTY_BODY = YES;
				CLANG_WARN_ENUM_CONVERSION = YES;
				CLANG_WARN_INFINITE_RECURSION = YES;
				CLANG_WARN_INT_CONVERSION = YES;
				CLANG_WARN_NON_LITERAL_NULL_CONVERSION = YES;
				CLANG_WARN_OBJC_IMPLICIT_RETAIN_SELF = YES;
				CLANG_WARN_OBJC_LITERAL_CONVERSION = YES;
				CLANG_WARN_OBJC_ROOT_CLASS = YES_ERROR;
				CLANG_WARN_QUOTED_INCLUDE_IN_FRAMEWORK_HEADER = YES;
				CLANG_WARN_RANGE_LOOP_ANALYSIS = YES;
				CLANG_WARN_STRICT_PROTOTYPES = YES;
				CLANG_WARN_SUSPICIOUS_MOVE = YES;
				CLANG_WARN_UNGUARDED_AVAILABILITY = YES_AGGRESSIVE;
				CLANG_WARN_UNREACHABLE_CODE = YES;
				CLANG_WARN__DUPLICATE_METHOD_MATCH = YES;
				COPY_PHASE_STRIP = NO;
				DEBUG_INFORMATION_FORMAT = dwarf;
				ENABLE_STRICT_OBJC_MSGSEND = YES;
				ENABLE_TESTABILITY = YES;
				GCC_C_LANGUAGE_STANDARD = gnu11;
				GCC_DYNAMIC_NO_PIC = NO;
				GCC_NO_COMMON_BLOCKS = YES;
				GCC_OPTIMIZATION_LEVEL = 0;
				GCC_PREPROCESSOR_DEFINITIONS = (
					"DEBUG=1",
					"$(inherited)",
				);
				GCC_WARN_64_TO_32_BIT_CONVERSION = YES;
				GCC_WARN_ABOUT_RETURN_TYPE = YES_ERROR;
				GCC_WARN_UNDECLARED_SELECTOR = YES;
				GCC_WARN_UNINITIALIZED_AUTOS = YES_AGGRESSIVE;
				GCC_WARN_UNUSED_FUNCTION = YES;
				GCC_WARN_UNUSED_VARIABLE = YES;
				IPHONEOS_DEPLOYMENT_TARGET = 16.2;
				MTL_ENABLE_DEBUG_INFO = INCLUDE_SOURCE;
				MTL_FAST_MATH = YES;
				ONLY_ACTIVE_ARCH = YES;
				SDKROOT = iphoneos;
				SWIFT_ACTIVE_COMPILATION_CONDITIONS = DEBUG;
				SWIFT_OPTIMIZATION_LEVEL = "-Onone";
			};
			name = Debug;
		};
		3A04B88E295B415A00E3EE90 /* Release */ = {
			isa = XCBuildConfiguration;
			buildSettings = {
				ALWAYS_SEARCH_USER_PATHS = NO;
				CLANG_ANALYZER_NONNULL = YES;
				CLANG_ANALYZER_NUMBER_OBJECT_CONVERSION = YES_AGGRESSIVE;
				CLANG_CXX_LANGUAGE_STANDARD = "gnu++20";
				CLANG_ENABLE_MODULES = YES;
				CLANG_ENABLE_OBJC_ARC = YES;
				CLANG_ENABLE_OBJC_WEAK = YES;
				CLANG_WARN_BLOCK_CAPTURE_AUTORELEASING = YES;
				CLANG_WARN_BOOL_CONVERSION = YES;
				CLANG_WARN_COMMA = YES;
				CLANG_WARN_CONSTANT_CONVERSION = YES;
				CLANG_WARN_DEPRECATED_OBJC_IMPLEMENTATIONS = YES;
				CLANG_WARN_DIRECT_OBJC_ISA_USAGE = YES_ERROR;
				CLANG_WARN_DOCUMENTATION_COMMENTS = YES;
				CLANG_WARN_EMPTY_BODY = YES;
				CLANG_WARN_ENUM_CONVERSION = YES;
				CLANG_WARN_INFINITE_RECURSION = YES;
				CLANG_WARN_INT_CONVERSION = YES;
				CLANG_WARN_NON_LITERAL_NULL_CONVERSION = YES;
				CLANG_WARN_OBJC_IMPLICIT_RETAIN_SELF = YES;
				CLANG_WARN_OBJC_LITERAL_CONVERSION = YES;
				CLANG_WARN_OBJC_ROOT_CLASS = YES_ERROR;
				CLANG_WARN_QUOTED_INCLUDE_IN_FRAMEWORK_HEADER = YES;
				CLANG_WARN_RANGE_LOOP_ANALYSIS = YES;
				CLANG_WARN_STRICT_PROTOTYPES = YES;
				CLANG_WARN_SUSPICIOUS_MOVE = YES;
				CLANG_WARN_UNGUARDED_AVAILABILITY = YES_AGGRESSIVE;
				CLANG_WARN_UNREACHABLE_CODE = YES;
				CLANG_WARN__DUPLICATE_METHOD_MATCH = YES;
				COPY_PHASE_STRIP = NO;
				DEBUG_INFORMATION_FORMAT = "dwarf-with-dsym";
				ENABLE_NS_ASSERTIONS = NO;
				ENABLE_STRICT_OBJC_MSGSEND = YES;
				GCC_C_LANGUAGE_STANDARD = gnu11;
				GCC_NO_COMMON_BLOCKS = YES;
				GCC_WARN_64_TO_32_BIT_CONVERSION = YES;
				GCC_WARN_ABOUT_RETURN_TYPE = YES_ERROR;
				GCC_WARN_UNDECLARED_SELECTOR = YES;
				GCC_WARN_UNINITIALIZED_AUTOS = YES_AGGRESSIVE;
				GCC_WARN_UNUSED_FUNCTION = YES;
				GCC_WARN_UNUSED_VARIABLE = YES;
				IPHONEOS_DEPLOYMENT_TARGET = 16.2;
				MTL_ENABLE_DEBUG_INFO = NO;
				MTL_FAST_MATH = YES;
				SDKROOT = iphoneos;
				SWIFT_COMPILATION_MODE = wholemodule;
				SWIFT_OPTIMIZATION_LEVEL = "-O";
				VALIDATE_PRODUCT = YES;
			};
			name = Release;
		};
		3A04B890295B415A00E3EE90 /* Debug */ = {
			isa = XCBuildConfiguration;
			buildSettings = {
				ASSETCATALOG_COMPILER_APPICON_NAME = AppIcon;
				ASSETCATALOG_COMPILER_GLOBAL_ACCENT_COLOR_NAME = AccentColor;
				CODE_SIGN_STYLE = Automatic;
				CURRENT_PROJECT_VERSION = 1;
				DEVELOPMENT_ASSET_PATHS = "\"home/Preview Content\"";
				ENABLE_PREVIEWS = YES;
				GENERATE_INFOPLIST_FILE = YES;
				INFOPLIST_KEY_UIApplicationSceneManifest_Generation = YES;
				INFOPLIST_KEY_UIApplicationSupportsIndirectInputEvents = YES;
				INFOPLIST_KEY_UILaunchScreen_Generation = YES;
				INFOPLIST_KEY_UISupportedInterfaceOrientations_iPad = "UIInterfaceOrientationPortrait UIInterfaceOrientationPortraitUpsideDown UIInterfaceOrientationLandscapeLeft UIInterfaceOrientationLandscapeRight";
				INFOPLIST_KEY_UISupportedInterfaceOrientations_iPhone = "UIInterfaceOrientationPortrait UIInterfaceOrientationLandscapeLeft UIInterfaceOrientationLandscapeRight";
				LD_RUNPATH_SEARCH_PATHS = (
					"$(inherited)",
					"@executable_path/Frameworks",
				);
				MARKETING_VERSION = 1.0;
				PRODUCT_BUNDLE_IDENTIFIER = com.adriangabriel.home;
				PRODUCT_NAME = "$(TARGET_NAME)";
				SWIFT_EMIT_LOC_STRINGS = YES;
				SWIFT_VERSION = 5.0;
				TARGETED_DEVICE_FAMILY = "1,2";
			};
			name = Debug;
		};
		3A04B891295B415A00E3EE90 /* Release */ = {
			isa = XCBuildConfiguration;
			buildSettings = {
				ASSETCATALOG_COMPILER_APPICON_NAME = AppIcon;
				ASSETCATALOG_COMPILER_GLOBAL_ACCENT_COLOR_NAME = AccentColor;
				CODE_SIGN_STYLE = Automatic;
				CURRENT_PROJECT_VERSION = 1;
				DEVELOPMENT_ASSET_PATHS = "\"home/Preview Content\"";
				ENABLE_PREVIEWS = YES;
				GENERATE_INFOPLIST_FILE = YES;
				INFOPLIST_KEY_UIApplicationSceneManifest_Generation = YES;
				INFOPLIST_KEY_UIApplicationSupportsIndirectInputEvents = YES;
				INFOPLIST_KEY_UILaunchScreen_Generation = YES;
				INFOPLIST_KEY_UISupportedInterfaceOrientations_iPad = "UIInterfaceOrientationPortrait UIInterfaceOrientationPortraitUpsideDown UIInterfaceOrientationLandscapeLeft UIInterfaceOrientationLandscapeRight";
				INFOPLIST_KEY_UISupportedInterfaceOrientations_iPhone = "UIInterfaceOrientationPortrait UIInterfaceOrientationLandscapeLeft UIInterfaceOrientationLandscapeRight";
				LD_RUNPATH_SEARCH_PATHS = (
					"$(inherited)",
					"@executable_path/Frameworks",
				);
				MARKETING_VERSION = 1.0;
				PRODUCT_BUNDLE_IDENTIFIER = com.adriangabriel.home;
				PRODUCT_NAME = "$(TARGET_NAME)";
				SWIFT_EMIT_LOC_STRINGS = YES;
				SWIFT_VERSION = 5.0;
				TARGETED_DEVICE_FAMILY = "1,2";
			};
			name = Release;
		};
		3A04B893295B415A00E3EE90 /* Debug */ = {
			isa = XCBuildConfiguration;
			buildSettings = {
				ALWAYS_EMBED_SWIFT_STANDARD_LIBRARIES = YES;
				BUNDLE_LOADER = "$(TEST_HOST)";
				CODE_SIGN_STYLE = Automatic;
				CURRENT_PROJECT_VERSION = 1;
				GENERATE_INFOPLIST_FILE = YES;
				IPHONEOS_DEPLOYMENT_TARGET = 16.2;
				MARKETING_VERSION = 1.0;
				PRODUCT_BUNDLE_IDENTIFIER = com.adriangabriel.homeTests;
				PRODUCT_NAME = "$(TARGET_NAME)";
				SWIFT_EMIT_LOC_STRINGS = NO;
				SWIFT_VERSION = 5.0;
				TARGETED_DEVICE_FAMILY = "1,2";
				TEST_HOST = "$(BUILT_PRODUCTS_DIR)/home.app/$(BUNDLE_EXECUTABLE_FOLDER_PATH)/home";
			};
			name = Debug;
		};
		3A04B894295B415A00E3EE90 /* Release */ = {
			isa = XCBuildConfiguration;
			buildSettings = {
				ALWAYS_EMBED_SWIFT_STANDARD_LIBRARIES = YES;
				BUNDLE_LOADER = "$(TEST_HOST)";
				CODE_SIGN_STYLE = Automatic;
				CURRENT_PROJECT_VERSION = 1;
				GENERATE_INFOPLIST_FILE = YES;
				IPHONEOS_DEPLOYMENT_TARGET = 16.2;
				MARKETING_VERSION = 1.0;
				PRODUCT_BUNDLE_IDENTIFIER = com.adriangabriel.homeTests;
				PRODUCT_NAME = "$(TARGET_NAME)";
				SWIFT_EMIT_LOC_STRINGS = NO;
				SWIFT_VERSION = 5.0;
				TARGETED_DEVICE_FAMILY = "1,2";
				TEST_HOST = "$(BUILT_PRODUCTS_DIR)/home.app/$(BUNDLE_EXECUTABLE_FOLDER_PATH)/home";
			};
			name = Release;
		};
		3A04B896295B415A00E3EE90 /* Debug */ = {
			isa = XCBuildConfiguration;
			buildSettings = {
				ALWAYS_EMBED_SWIFT_STANDARD_LIBRARIES = YES;
				CODE_SIGN_STYLE = Automatic;
				CURRENT_PROJECT_VERSION = 1;
				GENERATE_INFOPLIST_FILE = YES;
				MARKETING_VERSION = 1.0;
				PRODUCT_BUNDLE_IDENTIFIER = com.adriangabriel.homeUITests;
				PRODUCT_NAME = "$(TARGET_NAME)";
				SWIFT_EMIT_LOC_STRINGS = NO;
				SWIFT_VERSION = 5.0;
				TARGETED_DEVICE_FAMILY = "1,2";
				TEST_TARGET_NAME = home;
			};
			name = Debug;
		};
		3A04B897295B415A00E3EE90 /* Release */ = {
			isa = XCBuildConfiguration;
			buildSettings = {
				ALWAYS_EMBED_SWIFT_STANDARD_LIBRARIES = YES;
				CODE_SIGN_STYLE = Automatic;
				CURRENT_PROJECT_VERSION = 1;
				GENERATE_INFOPLIST_FILE = YES;
				MARKETING_VERSION = 1.0;
				PRODUCT_BUNDLE_IDENTIFIER = com.adriangabriel.homeUITests;
				PRODUCT_NAME = "$(TARGET_NAME)";
				SWIFT_EMIT_LOC_STRINGS = NO;
				SWIFT_VERSION = 5.0;
				TARGETED_DEVICE_FAMILY = "1,2";
				TEST_TARGET_NAME = home;
			};
			name = Release;
		};
/* End XCBuildConfiguration section */

/* Begin XCConfigurationList section */
		3A04B866295B415300E3EE90 /* Build configuration list for PBXProject "home" */ = {
			isa = XCConfigurationList;
			buildConfigurations = (
				3A04B88D295B415A00E3EE90 /* Debug */,
				3A04B88E295B415A00E3EE90 /* Release */,
			);
			defaultConfigurationIsVisible = 0;
			defaultConfigurationName = Release;
		};
		3A04B88F295B415A00E3EE90 /* Build configuration list for PBXNativeTarget "home" */ = {
			isa = XCConfigurationList;
			buildConfigurations = (
				3A04B890295B415A00E3EE90 /* Debug */,
				3A04B891295B415A00E3EE90 /* Release */,
			);
			defaultConfigurationIsVisible = 0;
			defaultConfigurationName = Release;
		};
		3A04B892295B415A00E3EE90 /* Build configuration list for PBXNativeTarget "homeTests" */ = {
			isa = XCConfigurationList;
			buildConfigurations = (
				3A04B893295B415A00E3EE90 /* Debug */,
				3A04B894295B415A00E3EE90 /* Release */,
			);
			defaultConfigurationIsVisible = 0;
			defaultConfigurationName = Release;
		};
		3A04B895295B415A00E3EE90 /* Build configuration list for PBXNativeTarget "homeUITests" */ = {
			isa = XCConfigurationList;
			buildConfigurations = (
				3A04B896295B415A00E3EE90 /* Debug */,
				3A04B897295B415A00E3EE90 /* Release */,
			);
			defaultConfigurationIsVisible = 0;
			defaultConfigurationName = Release;
		};
/* End XCConfigurationList section */
	};
	rootObject = 3A04B863295B415300E3EE90 /* Project object */;
}
